{
  "name": "web",
  "version": "1.0.0",
  "lockfileVersion": 3,
  "requires": true,
  "packages": {
    "": {
      "name": "web",
      "version": "1.0.0",
      "dependencies": {
        "firebase": "^11.0.0",
        "next": "14.2.3",
        "react": "18.2.0",
        "react-dom": "18.2.0"
      },
      "devDependencies": {
        "@types/node": "latest",
        "@types/react": "latest",
        "eslint": "8.57.0",
        "eslint-config-next": "14.2.3",
        "typescript": "latest"
      }
    },
    "node_modules/firebase": {
      "version": "11.0.0",
      "resolved": "https://registry.npmjs.org/firebase/-/firebase-11.0.0.tgz",
      "integrity": "sha512-xxxx",
      "dependencies": {}
    },
    "node_modules/next": {
      "version": "14.2.3",
      "resolved": "https://registry.npmjs.org/next/-/next-14.2.3.tgz",
      "integrity": "sha512-xxxx",
      "dependencies": {}
    },
    "node_modules/react": {
      "version": "18.2.0",
      "resolved": "https://registry.npmjs.org/react/-/react-18.2.0.tgz",
      "integrity": "sha512-xxxx",
      "dependencies": {}
    },
    "node_modules/react-dom": {
      "version": "18.2.0",
      "resolved": "https://registry.npmjs.org/react-dom/-/react-dom-18.2.0.tgz",
      "integrity": "sha512-xxxx",
      "dependencies": {}
    }
  }
}
